
Microsoft Visual Studio Solution File, Format Version 12.00
# Visual Studio Version 17
VisualStudioVersion = 17.13.35806.99 d17.13
MinimumVisualStudioVersion = 10.0.40219.1
Project("{FAE04EC0-301F-11D3-BF4B-00C04F79EFBC}") = "tpmodul3_2311104078", "tpmodul3_2311104078\tpmodul3_2311104078.csproj", "{2CF0BF32-9938-4034-B49B-1FA065D467B5}"
EndProject
Global
	GlobalSection(SolutionConfigurationPlatforms) = preSolution
		Debug|Any CPU = Debug|Any CPU
		Release|Any CPU = Release|Any CPU
	EndGlobalSection
	GlobalSection(ProjectConfigurationPlatforms) = postSolution
		{2CF0BF32-9938-4034-B49B-1FA065D467B5}.Debug|Any CPU.ActiveCfg = Debug|Any CPU
		{2CF0BF32-9938-4034-B49B-1FA065D467B5}.Debug|Any CPU.Build.0 = Debug|Any CPU
		{2CF0BF32-9938-4034-B49B-1FA065D467B5}.Release|Any CPU.ActiveCfg = Release|Any CPU
		{2CF0BF32-9938-4034-B49B-1FA065D467B5}.Release|Any CPU.Build.0 = Release|Any CPU
	EndGlobalSection
	GlobalSection(SolutionProperties) = preSolution
		HideSolutionNode = FALSE
	EndGlobalSection
	GlobalSection(ExtensibilityGlobals) = postSolution
		SolutionGuid = {BC821812-68AC-4A67-9391-24D5F2393B06}
	EndGlobalSection
EndGlobal
